
Microsoft Visual Studio Solution File, Format Version 12.00
# Visual Studio 2012
Project("{FAE04EC0-301F-11D3-BF4B-00C04F79EFBC}") = "WinAssist", "WinAssist.csproj", "{14414EBB-6AD3-4AA8-9DE5-ED836701EB18}"
EndProject
Global
	
	GlobalSection(SolutionConfigurationPlatforms) = preSolution
		Debug|Any CPU = Debug|Any CPU
		Release|Any CPU = Release|Any CPU
	EndGlobalSection
	GlobalSection(ProjectConfigurationPlatforms) = postSolution
		{14414EBB-6AD3-4AA8-9DE5-ED836701EB18}.Debug|Any CPU.ActiveCfg = Debug|Any CPU
		{14414EBB-6AD3-4AA8-9DE5-ED836701EB18}.Debug|Any CPU.Build.0 = Debug|Any CPU
		{14414EBB-6AD3-4AA8-9DE5-ED836701EB18}.Release|Any CPU.ActiveCfg = Release|Any CPU
		{14414EBB-6AD3-4AA8-9DE5-ED836701EB18}.Release|Any CPU.Build.0 = Release|Any CPU
	EndGlobalSection
	GlobalSection(SolutionProperties) = preSolution
		HideSolutionNode = FALSE
	EndGlobalSection
EndGlobal
